
Microsoft Visual Studio Solution File, Format Version 12.00
# Visual Studio Version 17
VisualStudioVersion = 17.3.32922.545
MinimumVisualStudioVersion = 10.0.40219.1
Project("{FAE04EC0-301F-11D3-BF4B-00C04F79EFBC}") = "Monitum_SOAP_Service", "Monitum_SOAP_Service\Monitum_SOAP_Service.csproj", "{5D5AC6B0-037E-459B-B7F1-0A9DC3FF6F92}"
EndProject
Global
	GlobalSection(SolutionConfigurationPlatforms) = preSolution
		Debug|Any CPU = Debug|Any CPU
		Release|Any CPU = Release|Any CPU
	EndGlobalSection
	GlobalSection(ProjectConfigurationPlatforms) = postSolution
		{5D5AC6B0-037E-459B-B7F1-0A9DC3FF6F92}.Debug|Any CPU.ActiveCfg = Debug|Any CPU
		{5D5AC6B0-037E-459B-B7F1-0A9DC3FF6F92}.Debug|Any CPU.Build.0 = Debug|Any CPU
		{5D5AC6B0-037E-459B-B7F1-0A9DC3FF6F92}.Release|Any CPU.ActiveCfg = Release|Any CPU
		{5D5AC6B0-037E-459B-B7F1-0A9DC3FF6F92}.Release|Any CPU.Build.0 = Release|Any CPU
	EndGlobalSection
	GlobalSection(SolutionProperties) = preSolution
		HideSolutionNode = FALSE
	EndGlobalSection
	GlobalSection(ExtensibilityGlobals) = postSolution
		SolutionGuid = {49878DC9-6E54-468D-A4A5-0BDA8D302C5E}
	EndGlobalSection
EndGlobal
